
Microsoft Visual Studio Solution File, Format Version 12.00
# Visual Studio Version 17
VisualStudioVersion = 17.12.35527.113
MinimumVisualStudioVersion = 10.0.40219.1
Project("{2150E333-8FDC-42A3-9474-1A3956D46DE8}") = "src", "src", "{27D1062F-7DE2-47DA-A064-76657FC0D13E}"
EndProject
Project("{2150E333-8FDC-42A3-9474-1A3956D46DE8}") = "tests", "tests", "{6E46E3E0-76FB-4D9F-8638-306025713BCA}"
EndProject
Project("{FAE04EC0-301F-11D3-BF4B-00C04F79EFBC}") = "MinefieldGame.ConsoleApp", "src\MinefieldGame.ConsoleApp\MinefieldGame.ConsoleApp.csproj", "{370F2509-5F48-406D-9209-B8EDDF6E00D9}"
EndProject
Project("{FAE04EC0-301F-11D3-BF4B-00C04F79EFBC}") = "MinefieldGame.ConsoleApp.Tests", "tests\MinefieldGame.ConsoleApp.Tests\MinefieldGame.ConsoleApp.Tests.csproj", "{506CEC06-1071-4BDD-8B6F-D178D6D8DF8B}"
EndProject
Global
	GlobalSection(SolutionConfigurationPlatforms) = preSolution
		Debug|Any CPU = Debug|Any CPU
		Release|Any CPU = Release|Any CPU
	EndGlobalSection
	GlobalSection(ProjectConfigurationPlatforms) = postSolution
		{370F2509-5F48-406D-9209-B8EDDF6E00D9}.Debug|Any CPU.ActiveCfg = Debug|Any CPU
		{370F2509-5F48-406D-9209-B8EDDF6E00D9}.Debug|Any CPU.Build.0 = Debug|Any CPU
		{370F2509-5F48-406D-9209-B8EDDF6E00D9}.Release|Any CPU.ActiveCfg = Release|Any CPU
		{370F2509-5F48-406D-9209-B8EDDF6E00D9}.Release|Any CPU.Build.0 = Release|Any CPU
		{506CEC06-1071-4BDD-8B6F-D178D6D8DF8B}.Debug|Any CPU.ActiveCfg = Debug|Any CPU
		{506CEC06-1071-4BDD-8B6F-D178D6D8DF8B}.Debug|Any CPU.Build.0 = Debug|Any CPU
		{506CEC06-1071-4BDD-8B6F-D178D6D8DF8B}.Release|Any CPU.ActiveCfg = Release|Any CPU
		{506CEC06-1071-4BDD-8B6F-D178D6D8DF8B}.Release|Any CPU.Build.0 = Release|Any CPU
	EndGlobalSection
	GlobalSection(SolutionProperties) = preSolution
		HideSolutionNode = FALSE
	EndGlobalSection
	GlobalSection(NestedProjects) = preSolution
		{370F2509-5F48-406D-9209-B8EDDF6E00D9} = {27D1062F-7DE2-47DA-A064-76657FC0D13E}
		{506CEC06-1071-4BDD-8B6F-D178D6D8DF8B} = {6E46E3E0-76FB-4D9F-8638-306025713BCA}
	EndGlobalSection
EndGlobal
